{
  "version": 4,
  "terraform_version": "1.11.3",
  "serial": 127,
  "lineage": "4c05b1bc-02ee-c1dd-8291-2b0fecb82943",
  "outputs": {
    "cluster_certificate_authority": {
      "value": "LS0tLS1CRUdJTiBDRVJUSUZJQ0FURS0tLS0tCk1JSURCVENDQWUyZ0F3SUJBZ0lJVzdNMnpURUFuZUF3RFFZSktvWklodmNOQVFFTEJRQXdGVEVUTUJFR0ExVUUKQXhNS2EzVmlaWEp1WlhSbGN6QWVGdzB5TlRBMU1EY3dORE16TlRsYUZ3MHpOVEExTURVd05ETTROVGxhTUJVeApFekFSQmdOVkJBTVRDbXQxWW1WeWJtVjBaWE13Z2dFaU1BMEdDU3FHU0liM0RRRUJBUVVBQTRJQkR3QXdnZ0VLCkFvSUJBUUMyUUFYQ1gySzNoZ05FMm9uRmlmNnViekhFQ2ppVk01dWExeVhXN213aU5ablhXODNhZWp4WEpuUngKOGJoazdHaVl5R242TUYrcUhoRk9nM2E0elRaOWMxNVIrK3F4ZWdhbkxuN2ZGbzM3RXBsZUlXTWZUU0NXMXNXSApuM1RiUERDVE5UcHNXNmpYNStycWdpcThoL1RvdVUrMXRxK3Jvcit2RSsvSDNGQTZCSnBsL0htQldoN0lnSkQ0Cmw0ZXpaWXNoUnY0ZTY5SS95d1pJZzVrUXF1U083UUpqWE1OYkJBMk5TUnZhbElhOWlMNzAxcUdKNVk4aDdxYlQKMU1nRW5TZFBEejdkekM1SiswMDlyWEZQazdGVEt3RmlPOXlrQ083VFVIQmlDeHY2cHRBNXMrQ3NiRkxwb3F1TwpHbnh0eFJ5eHZTeDVCNW5Ld0R2SjVsTXRsN0s5QWdNQkFBR2pXVEJYTUE0R0ExVWREd0VCL3dRRUF3SUNwREFQCkJnTlZIUk1CQWY4RUJUQURBUUgvTUIwR0ExVWREZ1FXQkJROXQzK3I2U2VrMDFGRXd0MVpibGJnTDhMT3FqQVYKQmdOVkhSRUVEakFNZ2dwcmRXSmxjbTVsZEdWek1BMEdDU3FHU0liM0RRRUJDd1VBQTRJQkFRQUNGUFJ3cHZnMwpSaG41bGVsRmJIVzFvODV1M2RiNTZNN3NyN25zaFZzV1ptRnQ0eERCTjROci9HVmJqUVc1c09KeWd0UXJ5VjFRCllMVFBmclV1Q1ZNOW9tekJoRXJXdVd1TkFRTUFZdzJ1RnQ4MzM3TUQrM1ZiRlJsbFQ0T0sxRXFsaVlYN00zL3cKZHc0Y1FBbXNkaTNoWUtBYVJRVDRFa3drbjNjVWRpTVlaUUFrTEtiNEVtVWo0UnRaZzNSM3VzblJwa2hmTmpOMwo4UHRkM0lmeUxvMnJTRUR3czlzOHNxTGlnVk1GN3dXdjhIZmpsdHVpOG96eFJ2Slc3bmJaTXlhcDI5d1NvQjB6CjNaK0hKemhBVG93K3owNVNpVGtZcG54STZjNjlJYjQyNW9zQTRES3ZtMnBGWFhOaG9WMmN6bVdGSVdQU1pkdGMKTTluQUpIUStnSnZQCi0tLS0tRU5EIENFUlRJRklDQVRFLS0tLS0K",
      "type": "string"
    },
    "cluster_endpoint": {
      "value": "https://7CEAE2A965A137DBB9930835EE5C266C.gr7.us-east-1.eks.amazonaws.com",
      "type": "string"
    },
    "cluster_name": {
      "value": "my-eks-cluster",
      "type": "string"
    },
    "subnet_ids": {
      "value": [
        "subnet-085ecbbb68e6cca3f",
        "subnet-0ad425276e1a0dc57"
      ],
      "type": [
        "list",
        "string"
      ]
    }
  },
  "resources": [
    {
      "mode": "data",
      "type": "aws_eks_cluster_auth",
      "name": "eks",
      "provider": "provider[\"registry.terraform.io/hashicorp/aws\"]",
      "instances": [
        {
          "schema_version": 0,
          "attributes": {
            "id": "my-eks-cluster",
            "name": "my-eks-cluster",
            "token": "k8s-aws-v1.aHR0cHM6Ly9zdHMudXMtZWFzdC0xLmFtYXpvbmF3cy5jb20vP0FjdGlvbj1HZXRDYWxsZXJJZGVudGl0eSZWZXJzaW9uPTIwMTEtMDYtMTUmWC1BbXotQWxnb3JpdGhtPUFXUzQtSE1BQy1TSEEyNTYmWC1BbXotQ3JlZGVudGlhbD1BS0lBMkpIRkJZWkpFWFdITTNQSCUyRjIwMjUwNTA3JTJGdXMtZWFzdC0xJTJGc3RzJTJGYXdzNF9yZXF1ZXN0JlgtQW16LURhdGU9MjAyNTA1MDdUMDQ0MTM4WiZYLUFtei1FeHBpcmVzPTAmWC1BbXotU2lnbmVkSGVhZGVycz1ob3N0JTNCeC1rOHMtYXdzLWlkJlgtQW16LVNpZ25hdHVyZT0yMGMxNjU0ZWY1YTk0YmQxNjIzYjgxZmE0MTQzNjMzYzZlZmM0NzIzNzQyYjE0ZWEwNmU2Y2I3ODNjMDE2ZTk0"
          },
          "sensitive_attributes": [
            [
              {
                "type": "get_attr",
                "value": "token"
              }
            ]
          ]
        }
      ]
    },
    {
      "mode": "data",
      "type": "aws_subnets",
      "name": "subnet",
      "provider": "provider[\"registry.terraform.io/hashicorp/aws\"]",
      "instances": [
        {
          "schema_version": 0,
          "attributes": {
            "filter": [
              {
                "name": "availability-zone",
                "values": [
                  "us-east-1a",
                  "us-east-1b",
                  "us-east-1c"
                ]
              },
              {
                "name": "tag:Name",
                "values": [
                  "PublicSubnet-1",
                  "PublicSubnet-2"
                ]
              },
              {
                "name": "vpc-id",
                "values": [
                  "vpc-0d1d43e01c5a66d38"
                ]
              }
            ],
            "id": "us-east-1",
            "ids": [
              "subnet-085ecbbb68e6cca3f",
              "subnet-0ad425276e1a0dc57"
            ],
            "tags": null,
            "timeouts": null
          },
          "sensitive_attributes": []
        }
      ]
    },
    {
      "mode": "data",
      "type": "aws_vpc",
      "name": "myvpc",
      "provider": "provider[\"registry.terraform.io/hashicorp/aws\"]",
      "instances": [
        {
          "schema_version": 0,
          "attributes": {
            "arn": "arn:aws:ec2:us-east-1:707002484306:vpc/vpc-0d1d43e01c5a66d38",
            "cidr_block": "10.0.0.0/16",
            "cidr_block_associations": [
              {
                "association_id": "vpc-cidr-assoc-01ee1401a550469e4",
                "cidr_block": "10.0.0.0/16",
                "state": "associated"
              }
            ],
            "default": false,
            "dhcp_options_id": "dopt-0386b3ebbddab2261",
            "enable_dns_hostnames": false,
            "enable_dns_support": true,
            "enable_network_address_usage_metrics": false,
            "filter": [
              {
                "name": "tag:Name",
                "values": [
                  "myvpc"
                ]
              }
            ],
            "id": "vpc-0d1d43e01c5a66d38",
            "instance_tenancy": "default",
            "ipv6_association_id": "",
            "ipv6_cidr_block": "",
            "main_route_table_id": "rtb-0073619e5f5c2ade3",
            "owner_id": "707002484306",
            "state": null,
            "tags": {
              "Name": "myvpc"
            },
            "timeouts": null
          },
          "sensitive_attributes": []
        }
      ]
    },
    {
      "mode": "managed",
      "type": "aws_eks_addon",
      "name": "coredns",
      "provider": "provider[\"registry.terraform.io/hashicorp/aws\"]",
      "instances": [
        {
          "schema_version": 0,
          "attributes": {
            "addon_name": "coredns",
            "addon_version": "v1.11.4-eksbuild.2",
            "arn": "arn:aws:eks:us-east-1:707002484306:addon/my-eks-cluster/coredns/88cb5486-3e20-dab8-e60d-7f34f26aa8d8",
            "cluster_name": "my-eks-cluster",
            "configuration_values": "",
            "created_at": "2025-05-07T04:41:30Z",
            "id": "my-eks-cluster:coredns",
            "modified_at": "2025-05-07T04:56:48Z",
            "pod_identity_association": [],
            "preserve": null,
            "resolve_conflicts": null,
            "resolve_conflicts_on_create": "OVERWRITE",
            "resolve_conflicts_on_update": "OVERWRITE",
            "service_account_role_arn": "",
            "tags": null,
            "tags_all": {},
            "timeouts": null
          },
          "sensitive_attributes": [],
          "private": "eyJlMmJmYjczMC1lY2FhLTExZTYtOGY4OC0zNDM2M2JjN2M0YzAiOnsiY3JlYXRlIjoxMjAwMDAwMDAwMDAwLCJkZWxldGUiOjI0MDAwMDAwMDAwMDAsInVwZGF0ZSI6MTIwMDAwMDAwMDAwMH19",
          "dependencies": [
            "aws_eks_cluster.eks",
            "aws_iam_role.eks_role",
            "aws_iam_role_policy_attachment.eks_AmazonEKSClusterPolicy",
            "data.aws_subnets.subnet",
            "data.aws_vpc.myvpc"
          ]
        }
      ]
    },
    {
      "mode": "managed",
      "type": "aws_eks_addon",
      "name": "external_dns",
      "provider": "provider[\"registry.terraform.io/hashicorp/aws\"]",
      "instances": [
        {
          "schema_version": 0,
          "attributes": {
            "addon_name": "external-dns",
            "addon_version": "v0.16.1-eksbuild.2",
            "arn": "arn:aws:eks:us-east-1:707002484306:addon/my-eks-cluster/external-dns/78cb5486-3e1a-9d33-e0d8-9c001656aff2",
            "cluster_name": "my-eks-cluster",
            "configuration_values": "",
            "created_at": "2025-05-07T04:41:30Z",
            "id": "my-eks-cluster:external-dns",
            "modified_at": "2025-05-07T04:56:47Z",
            "pod_identity_association": [],
            "preserve": null,
            "resolve_conflicts": null,
            "resolve_conflicts_on_create": "OVERWRITE",
            "resolve_conflicts_on_update": "OVERWRITE",
            "service_account_role_arn": "",
            "tags": null,
            "tags_all": {},
            "timeouts": null
          },
          "sensitive_attributes": [],
          "private": "eyJlMmJmYjczMC1lY2FhLTExZTYtOGY4OC0zNDM2M2JjN2M0YzAiOnsiY3JlYXRlIjoxMjAwMDAwMDAwMDAwLCJkZWxldGUiOjI0MDAwMDAwMDAwMDAsInVwZGF0ZSI6MTIwMDAwMDAwMDAwMH19",
          "dependencies": [
            "aws_eks_cluster.eks",
            "aws_iam_role.eks_role",
            "aws_iam_role_policy_attachment.eks_AmazonEKSClusterPolicy",
            "data.aws_subnets.subnet",
            "data.aws_vpc.myvpc"
          ]
        }
      ]
    },
    {
      "mode": "managed",
      "type": "aws_eks_addon",
      "name": "kube_proxy",
      "provider": "provider[\"registry.terraform.io/hashicorp/aws\"]",
      "instances": [
        {
          "schema_version": 0,
          "attributes": {
            "addon_name": "kube-proxy",
            "addon_version": "v1.32.0-eksbuild.2",
            "arn": "arn:aws:eks:us-east-1:707002484306:addon/my-eks-cluster/kube-proxy/84cb5486-3e1c-b1ae-5f22-210485b06ef7",
            "cluster_name": "my-eks-cluster",
            "configuration_values": "",
            "created_at": "2025-05-07T04:41:30Z",
            "id": "my-eks-cluster:kube-proxy",
            "modified_at": "2025-05-07T04:41:36Z",
            "pod_identity_association": [],
            "preserve": null,
            "resolve_conflicts": null,
            "resolve_conflicts_on_create": "OVERWRITE",
            "resolve_conflicts_on_update": "OVERWRITE",
            "service_account_role_arn": "",
            "tags": null,
            "tags_all": {},
            "timeouts": null
          },
          "sensitive_attributes": [],
          "private": "eyJlMmJmYjczMC1lY2FhLTExZTYtOGY4OC0zNDM2M2JjN2M0YzAiOnsiY3JlYXRlIjoxMjAwMDAwMDAwMDAwLCJkZWxldGUiOjI0MDAwMDAwMDAwMDAsInVwZGF0ZSI6MTIwMDAwMDAwMDAwMH19",
          "dependencies": [
            "aws_eks_cluster.eks",
            "aws_iam_role.eks_role",
            "aws_iam_role_policy_attachment.eks_AmazonEKSClusterPolicy",
            "data.aws_subnets.subnet",
            "data.aws_vpc.myvpc"
          ]
        }
      ]
    },
    {
      "mode": "managed",
      "type": "aws_eks_addon",
      "name": "metrics_server",
      "provider": "provider[\"registry.terraform.io/hashicorp/aws\"]",
      "instances": [
        {
          "schema_version": 0,
          "attributes": {
            "addon_name": "metrics-server",
            "addon_version": "v0.7.2-eksbuild.3",
            "arn": "arn:aws:eks:us-east-1:707002484306:addon/my-eks-cluster/metrics-server/b6cb5486-3e23-da83-f982-a76d0e79d392",
            "cluster_name": "my-eks-cluster",
            "configuration_values": "",
            "created_at": "2025-05-07T04:41:30Z",
            "id": "my-eks-cluster:metrics-server",
            "modified_at": "2025-05-07T04:56:47Z",
            "pod_identity_association": [],
            "preserve": null,
            "resolve_conflicts": null,
            "resolve_conflicts_on_create": "OVERWRITE",
            "resolve_conflicts_on_update": "OVERWRITE",
            "service_account_role_arn": "",
            "tags": null,
            "tags_all": {},
            "timeouts": null
          },
          "sensitive_attributes": [],
          "private": "eyJlMmJmYjczMC1lY2FhLTExZTYtOGY4OC0zNDM2M2JjN2M0YzAiOnsiY3JlYXRlIjoxMjAwMDAwMDAwMDAwLCJkZWxldGUiOjI0MDAwMDAwMDAwMDAsInVwZGF0ZSI6MTIwMDAwMDAwMDAwMH19",
          "dependencies": [
            "aws_eks_cluster.eks",
            "aws_iam_role.eks_role",
            "aws_iam_role_policy_attachment.eks_AmazonEKSClusterPolicy",
            "data.aws_subnets.subnet",
            "data.aws_vpc.myvpc"
          ]
        }
      ]
    },
    {
      "mode": "managed",
      "type": "aws_eks_addon",
      "name": "pod_identity",
      "provider": "provider[\"registry.terraform.io/hashicorp/aws\"]",
      "instances": [
        {
          "schema_version": 0,
          "attributes": {
            "addon_name": "eks-pod-identity-agent",
            "addon_version": "v1.3.4-eksbuild.1",
            "arn": "arn:aws:eks:us-east-1:707002484306:addon/my-eks-cluster/eks-pod-identity-agent/96cb5486-3e2d-ea48-17aa-ad9fb0546d5b",
            "cluster_name": "my-eks-cluster",
            "configuration_values": "",
            "created_at": "2025-05-07T04:41:30Z",
            "id": "my-eks-cluster:eks-pod-identity-agent",
            "modified_at": "2025-05-07T04:41:36Z",
            "pod_identity_association": [],
            "preserve": null,
            "resolve_conflicts": null,
            "resolve_conflicts_on_create": "OVERWRITE",
            "resolve_conflicts_on_update": "OVERWRITE",
            "service_account_role_arn": "",
            "tags": null,
            "tags_all": {},
            "timeouts": null
          },
          "sensitive_attributes": [],
          "private": "eyJlMmJmYjczMC1lY2FhLTExZTYtOGY4OC0zNDM2M2JjN2M0YzAiOnsiY3JlYXRlIjoxMjAwMDAwMDAwMDAwLCJkZWxldGUiOjI0MDAwMDAwMDAwMDAsInVwZGF0ZSI6MTIwMDAwMDAwMDAwMH19",
          "dependencies": [
            "aws_eks_cluster.eks",
            "aws_iam_role.eks_role",
            "aws_iam_role_policy_attachment.eks_AmazonEKSClusterPolicy",
            "data.aws_subnets.subnet",
            "data.aws_vpc.myvpc"
          ]
        }
      ]
    },
    {
      "mode": "managed",
      "type": "aws_eks_addon",
      "name": "vpc_cni",
      "provider": "provider[\"registry.terraform.io/hashicorp/aws\"]",
      "instances": [
        {
          "schema_version": 0,
          "attributes": {
            "addon_name": "vpc-cni",
            "addon_version": "v1.19.2-eksbuild.1",
            "arn": "arn:aws:eks:us-east-1:707002484306:addon/my-eks-cluster/vpc-cni/e2cb5486-3e29-988c-3a77-2c05e724a34f",
            "cluster_name": "my-eks-cluster",
            "configuration_values": "",
            "created_at": "2025-05-07T04:41:30Z",
            "id": "my-eks-cluster:vpc-cni",
            "modified_at": "2025-05-07T04:41:37Z",
            "pod_identity_association": [],
            "preserve": null,
            "resolve_conflicts": null,
            "resolve_conflicts_on_create": "OVERWRITE",
            "resolve_conflicts_on_update": "OVERWRITE",
            "service_account_role_arn": "",
            "tags": null,
            "tags_all": {},
            "timeouts": null
          },
          "sensitive_attributes": [],
          "private": "eyJlMmJmYjczMC1lY2FhLTExZTYtOGY4OC0zNDM2M2JjN2M0YzAiOnsiY3JlYXRlIjoxMjAwMDAwMDAwMDAwLCJkZWxldGUiOjI0MDAwMDAwMDAwMDAsInVwZGF0ZSI6MTIwMDAwMDAwMDAwMH19",
          "dependencies": [
            "aws_eks_cluster.eks",
            "aws_iam_role.eks_role",
            "aws_iam_role_policy_attachment.eks_AmazonEKSClusterPolicy",
            "data.aws_subnets.subnet",
            "data.aws_vpc.myvpc"
          ]
        }
      ]
    },
    {
      "mode": "managed",
      "type": "aws_eks_cluster",
      "name": "eks",
      "provider": "provider[\"registry.terraform.io/hashicorp/aws\"]",
      "instances": [
        {
          "schema_version": 1,
          "attributes": {
            "access_config": [
              {
                "authentication_mode": "CONFIG_MAP",
                "bootstrap_cluster_creator_admin_permissions": true
              }
            ],
            "arn": "arn:aws:eks:us-east-1:707002484306:cluster/my-eks-cluster",
            "bootstrap_self_managed_addons": true,
            "certificate_authority": [
              {
                "data": "LS0tLS1CRUdJTiBDRVJUSUZJQ0FURS0tLS0tCk1JSURCVENDQWUyZ0F3SUJBZ0lJVzdNMnpURUFuZUF3RFFZSktvWklodmNOQVFFTEJRQXdGVEVUTUJFR0ExVUUKQXhNS2EzVmlaWEp1WlhSbGN6QWVGdzB5TlRBMU1EY3dORE16TlRsYUZ3MHpOVEExTURVd05ETTROVGxhTUJVeApFekFSQmdOVkJBTVRDbXQxWW1WeWJtVjBaWE13Z2dFaU1BMEdDU3FHU0liM0RRRUJBUVVBQTRJQkR3QXdnZ0VLCkFvSUJBUUMyUUFYQ1gySzNoZ05FMm9uRmlmNnViekhFQ2ppVk01dWExeVhXN213aU5ablhXODNhZWp4WEpuUngKOGJoazdHaVl5R242TUYrcUhoRk9nM2E0elRaOWMxNVIrK3F4ZWdhbkxuN2ZGbzM3RXBsZUlXTWZUU0NXMXNXSApuM1RiUERDVE5UcHNXNmpYNStycWdpcThoL1RvdVUrMXRxK3Jvcit2RSsvSDNGQTZCSnBsL0htQldoN0lnSkQ0Cmw0ZXpaWXNoUnY0ZTY5SS95d1pJZzVrUXF1U083UUpqWE1OYkJBMk5TUnZhbElhOWlMNzAxcUdKNVk4aDdxYlQKMU1nRW5TZFBEejdkekM1SiswMDlyWEZQazdGVEt3RmlPOXlrQ083VFVIQmlDeHY2cHRBNXMrQ3NiRkxwb3F1TwpHbnh0eFJ5eHZTeDVCNW5Ld0R2SjVsTXRsN0s5QWdNQkFBR2pXVEJYTUE0R0ExVWREd0VCL3dRRUF3SUNwREFQCkJnTlZIUk1CQWY4RUJUQURBUUgvTUIwR0ExVWREZ1FXQkJROXQzK3I2U2VrMDFGRXd0MVpibGJnTDhMT3FqQVYKQmdOVkhSRUVEakFNZ2dwcmRXSmxjbTVsZEdWek1BMEdDU3FHU0liM0RRRUJDd1VBQTRJQkFRQUNGUFJ3cHZnMwpSaG41bGVsRmJIVzFvODV1M2RiNTZNN3NyN25zaFZzV1ptRnQ0eERCTjROci9HVmJqUVc1c09KeWd0UXJ5VjFRCllMVFBmclV1Q1ZNOW9tekJoRXJXdVd1TkFRTUFZdzJ1RnQ4MzM3TUQrM1ZiRlJsbFQ0T0sxRXFsaVlYN00zL3cKZHc0Y1FBbXNkaTNoWUtBYVJRVDRFa3drbjNjVWRpTVlaUUFrTEtiNEVtVWo0UnRaZzNSM3VzblJwa2hmTmpOMwo4UHRkM0lmeUxvMnJTRUR3czlzOHNxTGlnVk1GN3dXdjhIZmpsdHVpOG96eFJ2Slc3bmJaTXlhcDI5d1NvQjB6CjNaK0hKemhBVG93K3owNVNpVGtZcG54STZjNjlJYjQyNW9zQTRES3ZtMnBGWFhOaG9WMmN6bVdGSVdQU1pkdGMKTTluQUpIUStnSnZQCi0tLS0tRU5EIENFUlRJRklDQVRFLS0tLS0K"
              }
            ],
            "cluster_id": null,
            "compute_config": [],
            "created_at": "2025-05-07T04:33:36Z",
            "enabled_cluster_log_types": null,
            "encryption_config": [],
            "endpoint": "https://7CEAE2A965A137DBB9930835EE5C266C.gr7.us-east-1.eks.amazonaws.com",
            "force_update_version": null,
            "id": "my-eks-cluster",
            "identity": [
              {
                "oidc": [
                  {
                    "issuer": "https://oidc.eks.us-east-1.amazonaws.com/id/7CEAE2A965A137DBB9930835EE5C266C"
                  }
                ]
              }
            ],
            "kubernetes_network_config": [
              {
                "elastic_load_balancing": [
                  {
                    "enabled": false
                  }
                ],
                "ip_family": "ipv4",
                "service_ipv4_cidr": "172.20.0.0/16",
                "service_ipv6_cidr": ""
              }
            ],
            "name": "my-eks-cluster",
            "outpost_config": [],
            "platform_version": "eks.9",
            "remote_network_config": [],
            "role_arn": "arn:aws:iam::707002484306:role/my-eks-cluster-eks-role",
            "status": "ACTIVE",
            "storage_config": [],
            "tags": null,
            "tags_all": {},
            "timeouts": null,
            "upgrade_policy": [
              {
                "support_type": "EXTENDED"
              }
            ],
            "version": "1.32",
            "vpc_config": [
              {
                "cluster_security_group_id": "sg-02fe872e35bfce5f9",
                "endpoint_private_access": false,
                "endpoint_public_access": true,
                "public_access_cidrs": [
                  "0.0.0.0/0"
                ],
                "security_group_ids": null,
                "subnet_ids": [
                  "subnet-085ecbbb68e6cca3f",
                  "subnet-0ad425276e1a0dc57"
                ],
                "vpc_id": "vpc-0d1d43e01c5a66d38"
              }
            ],
            "zonal_shift_config": []
          },
          "sensitive_attributes": [],
          "private": "eyJlMmJmYjczMC1lY2FhLTExZTYtOGY4OC0zNDM2M2JjN2M0YzAiOnsiY3JlYXRlIjoxODAwMDAwMDAwMDAwLCJkZWxldGUiOjkwMDAwMDAwMDAwMCwidXBkYXRlIjozNjAwMDAwMDAwMDAwfSwic2NoZW1hX3ZlcnNpb24iOiIxIn0=",
          "dependencies": [
            "aws_iam_role.eks_role",
            "aws_iam_role_policy_attachment.eks_AmazonEKSClusterPolicy",
            "data.aws_subnets.subnet",
            "data.aws_vpc.myvpc"
          ]
        }
      ]
    },
    {
      "mode": "managed",
      "type": "aws_eks_node_group",
      "name": "default",
      "provider": "provider[\"registry.terraform.io/hashicorp/aws\"]",
      "instances": [
        {
          "schema_version": 0,
          "attributes": {
            "ami_type": "AL2023_x86_64_STANDARD",
            "arn": "arn:aws:eks:us-east-1:707002484306:nodegroup/my-eks-cluster/my-eks-cluster-node-group/b2cb5486-3e1b-030b-1f38-fcdc88096e81",
            "capacity_type": "ON_DEMAND",
            "cluster_name": "my-eks-cluster",
            "disk_size": 20,
            "force_update_version": null,
            "id": "my-eks-cluster:my-eks-cluster-node-group",
            "instance_types": [
              "t3.medium"
            ],
            "labels": null,
            "launch_template": [],
            "node_group_name": "my-eks-cluster-node-group",
            "node_group_name_prefix": "",
            "node_repair_config": [],
            "node_role_arn": "arn:aws:iam::707002484306:role/my-eks-cluster-eks-node-role",
            "release_version": "1.32.3-20250501",
            "remote_access": [],
            "resources": [
              {
                "autoscaling_groups": [
                  {
                    "name": "eks-my-eks-cluster-node-group-b2cb5486-3e1b-030b-1f38-fcdc88096e81"
                  }
                ],
                "remote_access_security_group_id": ""
              }
            ],
            "scaling_config": [
              {
                "desired_size": 2,
                "max_size": 3,
                "min_size": 1
              }
            ],
            "status": "ACTIVE",
            "subnet_ids": [
              "subnet-085ecbbb68e6cca3f",
              "subnet-0ad425276e1a0dc57"
            ],
            "tags": {
              "Name": "my-eks-cluster-node"
            },
            "tags_all": {
              "Name": "my-eks-cluster-node"
            },
            "taint": [],
            "timeouts": null,
            "update_config": [
              {
                "max_unavailable": 1,
                "max_unavailable_percentage": 0
              }
            ],
            "version": "1.32"
          },
          "sensitive_attributes": [],
          "private": "eyJlMmJmYjczMC1lY2FhLTExZTYtOGY4OC0zNDM2M2JjN2M0YzAiOnsiY3JlYXRlIjozNjAwMDAwMDAwMDAwLCJkZWxldGUiOjM2MDAwMDAwMDAwMDAsInVwZGF0ZSI6MzYwMDAwMDAwMDAwMH19",
          "dependencies": [
            "aws_eks_cluster.eks",
            "aws_iam_role.eks_node_role",
            "aws_iam_role.eks_role",
            "aws_iam_role_policy_attachment.eks_AmazonEC2ContainerRegistryReadOnly",
            "aws_iam_role_policy_attachment.eks_AmazonEKSClusterPolicy",
            "aws_iam_role_policy_attachment.eks_AmazonEKSWorkerNodePolicy",
            "aws_iam_role_policy_attachment.eks_AmazonEKS_CNI_Policy",
            "data.aws_subnets.subnet",
            "data.aws_vpc.myvpc"
          ]
        }
      ]
    },
    {
      "mode": "managed",
      "type": "aws_iam_role",
      "name": "eks_node_role",
      "provider": "provider[\"registry.terraform.io/hashicorp/aws\"]",
      "instances": [
        {
          "schema_version": 0,
          "attributes": {
            "arn": "arn:aws:iam::707002484306:role/my-eks-cluster-eks-node-role",
            "assume_role_policy": "{\"Statement\":[{\"Action\":\"sts:AssumeRole\",\"Effect\":\"Allow\",\"Principal\":{\"Service\":\"ec2.amazonaws.com\"}}],\"Version\":\"2012-10-17\"}",
            "create_date": "2025-05-07T04:33:31Z",
            "description": "",
            "force_detach_policies": false,
            "id": "my-eks-cluster-eks-node-role",
            "inline_policy": [],
            "managed_policy_arns": [],
            "max_session_duration": 3600,
            "name": "my-eks-cluster-eks-node-role",
            "name_prefix": "",
            "path": "/",
            "permissions_boundary": "",
            "tags": null,
            "tags_all": {},
            "unique_id": "AROA2JHFBYZJM4I75PVKU"
          },
          "sensitive_attributes": [],
          "private": "bnVsbA=="
        }
      ]
    },
    {
      "mode": "managed",
      "type": "aws_iam_role",
      "name": "eks_role",
      "provider": "provider[\"registry.terraform.io/hashicorp/aws\"]",
      "instances": [
        {
          "schema_version": 0,
          "attributes": {
            "arn": "arn:aws:iam::707002484306:role/my-eks-cluster-eks-role",
            "assume_role_policy": "{\"Statement\":[{\"Action\":\"sts:AssumeRole\",\"Effect\":\"Allow\",\"Principal\":{\"Service\":\"eks.amazonaws.com\"}}],\"Version\":\"2012-10-17\"}",
            "create_date": "2025-05-07T04:33:31Z",
            "description": "",
            "force_detach_policies": false,
            "id": "my-eks-cluster-eks-role",
            "inline_policy": [],
            "managed_policy_arns": [],
            "max_session_duration": 3600,
            "name": "my-eks-cluster-eks-role",
            "name_prefix": "",
            "path": "/",
            "permissions_boundary": "",
            "tags": null,
            "tags_all": {},
            "unique_id": "AROA2JHFBYZJBAHITBT5F"
          },
          "sensitive_attributes": [],
          "private": "bnVsbA=="
        }
      ]
    },
    {
      "mode": "managed",
      "type": "aws_iam_role_policy_attachment",
      "name": "eks_AmazonEC2ContainerRegistryReadOnly",
      "provider": "provider[\"registry.terraform.io/hashicorp/aws\"]",
      "instances": [
        {
          "schema_version": 0,
          "attributes": {
            "id": "my-eks-cluster-eks-node-role-20250507043342729900000003",
            "policy_arn": "arn:aws:iam::aws:policy/AmazonEC2ContainerRegistryReadOnly",
            "role": "my-eks-cluster-eks-node-role"
          },
          "sensitive_attributes": [],
          "private": "bnVsbA==",
          "dependencies": [
            "aws_iam_role.eks_node_role"
          ]
        }
      ]
    },
    {
      "mode": "managed",
      "type": "aws_iam_role_policy_attachment",
      "name": "eks_AmazonEKSClusterPolicy",
      "provider": "provider[\"registry.terraform.io/hashicorp/aws\"]",
      "instances": [
        {
          "schema_version": 0,
          "attributes": {
            "id": "my-eks-cluster-eks-role-20250507043342800700000004",
            "policy_arn": "arn:aws:iam::aws:policy/AmazonEKSClusterPolicy",
            "role": "my-eks-cluster-eks-role"
          },
          "sensitive_attributes": [],
          "private": "bnVsbA==",
          "dependencies": [
            "aws_iam_role.eks_role"
          ]
        }
      ]
    },
    {
      "mode": "managed",
      "type": "aws_iam_role_policy_attachment",
      "name": "eks_AmazonEKSWorkerNodePolicy",
      "provider": "provider[\"registry.terraform.io/hashicorp/aws\"]",
      "instances": [
        {
          "schema_version": 0,
          "attributes": {
            "id": "my-eks-cluster-eks-node-role-20250507043342406000000001",
            "policy_arn": "arn:aws:iam::aws:policy/AmazonEKSWorkerNodePolicy",
            "role": "my-eks-cluster-eks-node-role"
          },
          "sensitive_attributes": [],
          "private": "bnVsbA==",
          "dependencies": [
            "aws_iam_role.eks_node_role"
          ]
        }
      ]
    },
    {
      "mode": "managed",
      "type": "aws_iam_role_policy_attachment",
      "name": "eks_AmazonEKS_CNI_Policy",
      "provider": "provider[\"registry.terraform.io/hashicorp/aws\"]",
      "instances": [
        {
          "schema_version": 0,
          "attributes": {
            "id": "my-eks-cluster-eks-node-role-20250507043342438600000002",
            "policy_arn": "arn:aws:iam::aws:policy/AmazonEKS_CNI_Policy",
            "role": "my-eks-cluster-eks-node-role"
          },
          "sensitive_attributes": [],
          "private": "bnVsbA==",
          "dependencies": [
            "aws_iam_role.eks_node_role"
          ]
        }
      ]
    }
  ],
  "check_results": null
}
